
Microsoft Visual Studio Solution File, Format Version 12.00
# Visual Studio Version 16
VisualStudioVersion = 16.0.29806.167
MinimumVisualStudioVersion = 10.0.40219.1
Project("{8BC9CEB8-8B4A-11D0-8D11-00A0C91BC942}") = "Invoice Divider", "Invoice Divider\Invoice Divider.vcxproj", "{B471D250-E2D1-4EA6-86A9-664F7D6D5442}"
EndProject
Project("{54435603-DBB4-11D2-8724-00A0C9A8B90C}") = "Invoice Divider Setup", "Invoice Divider Setup\Invoice Divider Setup.vdproj", "{CBA54175-C43A-42D6-A5B7-D3DF3C9904D4}"
EndProject
Global
	GlobalSection(SolutionConfigurationPlatforms) = preSolution
		Debug|x64 = Debug|x64
		Debug|x86 = Debug|x86
		Release|x64 = Release|x64
		Release|x86 = Release|x86
	EndGlobalSection
	GlobalSection(ProjectConfigurationPlatforms) = postSolution
		{B471D250-E2D1-4EA6-86A9-664F7D6D5442}.Debug|x64.ActiveCfg = Debug|x64
		{B471D250-E2D1-4EA6-86A9-664F7D6D5442}.Debug|x64.Build.0 = Debug|x64
		{B471D250-E2D1-4EA6-86A9-664F7D6D5442}.Debug|x86.ActiveCfg = Debug|Win32
		{B471D250-E2D1-4EA6-86A9-664F7D6D5442}.Debug|x86.Build.0 = Debug|Win32
		{B471D250-E2D1-4EA6-86A9-664F7D6D5442}.Release|x64.ActiveCfg = Release|x64
		{B471D250-E2D1-4EA6-86A9-664F7D6D5442}.Release|x64.Build.0 = Release|x64
		{B471D250-E2D1-4EA6-86A9-664F7D6D5442}.Release|x86.ActiveCfg = Release|Win32
		{B471D250-E2D1-4EA6-86A9-664F7D6D5442}.Release|x86.Build.0 = Release|Win32
		{CBA54175-C43A-42D6-A5B7-D3DF3C9904D4}.Debug|x64.ActiveCfg = Debug
		{CBA54175-C43A-42D6-A5B7-D3DF3C9904D4}.Debug|x86.ActiveCfg = Debug
		{CBA54175-C43A-42D6-A5B7-D3DF3C9904D4}.Release|x64.ActiveCfg = Release
		{CBA54175-C43A-42D6-A5B7-D3DF3C9904D4}.Release|x86.ActiveCfg = Release
	EndGlobalSection
	GlobalSection(SolutionProperties) = preSolution
		HideSolutionNode = FALSE
	EndGlobalSection
	GlobalSection(ExtensibilityGlobals) = postSolution
		SolutionGuid = {F0541018-E632-48E2-B2D5-34C6638E9A81}
	EndGlobalSection
EndGlobal
